{
  "lockfile_version": "1",
  "packages": {
    "just@1.36": {
      "last_modified": "2024-10-13T23:44:06Z",
      "resolved": "github:NixOS/nixpkgs/d4f247e89f6e10120f911e2e2d2254a050d0f732#just",
      "source": "devbox-search",
      "version": "1.36.0",
      "systems": {
        "aarch64-darwin": {
          "outputs": [
            {
              "name": "out",
              "path": "/nix/store/lmm3kkb9v1d62mlrzwnyqiwxb2hdvfdh-just-1.36.0",
              "default": true
            },
            {
              "name": "man",
              "path": "/nix/store/p6jr4v2zwzifn29jm3nvwb5yai32bfca-just-1.36.0-man",
              "default": true
            },
            {
              "name": "doc",
              "path": "/nix/store/gr4nlvz2jjs30g173fnspgmz3yd33k6a-just-1.36.0-doc"
            }
          ],
          "store_path": "/nix/store/lmm3kkb9v1d62mlrzwnyqiwxb2hdvfdh-just-1.36.0"
        },
        "aarch64-linux": {
          "outputs": [
            {
              "name": "out",
              "path": "/nix/store/b7wmjsdpw86d486s5sxpw40fnp527zga-just-1.36.0",
              "default": true
            },
            {
              "name": "man",
              "path": "/nix/store/40q16fi2sxzx13l31s8y8sc1jv57jm3l-just-1.36.0-man",
              "default": true
            },
            {
              "name": "doc",
              "path": "/nix/store/b7wkw55yd0nsnglksr8yamjbmy2d6cgb-just-1.36.0-doc"
            }
          ],
          "store_path": "/nix/store/b7wmjsdpw86d486s5sxpw40fnp527zga-just-1.36.0"
        },
        "x86_64-darwin": {
          "outputs": [
            {
              "name": "out",
              "path": "/nix/store/rv6wg4h6sg7k4xyhsmwky8jjag0fnrx5-just-1.36.0",
              "default": true
            },
            {
              "name": "man",
              "path": "/nix/store/vvzyrp0n1ivg7qny1ylx5r54hn025h3f-just-1.36.0-man",
              "default": true
            },
            {
              "name": "doc",
              "path": "/nix/store/4r7sln3x3z1pfmi5acshgcc5wbd3f04v-just-1.36.0-doc"
            }
          ],
          "store_path": "/nix/store/rv6wg4h6sg7k4xyhsmwky8jjag0fnrx5-just-1.36.0"
        },
        "x86_64-linux": {
          "outputs": [
            {
              "name": "out",
              "path": "/nix/store/phhxwxxhnd4dc14rckxsmym2ikiws97p-just-1.36.0",
              "default": true
            },
            {
              "name": "man",
              "path": "/nix/store/ki2fhzk2pkfz36b17ykg4zmpfrlk1i50-just-1.36.0-man",
              "default": true
            },
            {
              "name": "doc",
              "path": "/nix/store/g3zm7jfzalsyy2y1ginciivi5r8kdslk-just-1.36.0-doc"
            }
          ],
          "store_path": "/nix/store/phhxwxxhnd4dc14rckxsmym2ikiws97p-just-1.36.0"
        }
      }
    },
    "libiconv@2.40": {
      "last_modified": "2024-10-13T23:44:06Z",
      "resolved": "github:NixOS/nixpkgs/d4f247e89f6e10120f911e2e2d2254a050d0f732#libiconv",
      "source": "devbox-search",
      "version": "2.40",
      "systems": {
        "aarch64-linux": {
          "outputs": [
            {
              "name": "out",
              "path": "/nix/store/ikk9d4x19cmsjwqljkjpagvcm6ir0wvz-glibc-iconv-2.40",
              "default": true
            }
          ],
          "store_path": "/nix/store/ikk9d4x19cmsjwqljkjpagvcm6ir0wvz-glibc-iconv-2.40"
        },
        "x86_64-linux": {
          "outputs": [
            {
              "name": "out",
              "path": "/nix/store/ikg7p1szpk43d4lfilgncr65cry6yx4s-glibc-iconv-2.40",
              "default": true
            }
          ],
          "store_path": "/nix/store/ikg7p1szpk43d4lfilgncr65cry6yx4s-glibc-iconv-2.40"
        }
      }
    },
    "rustup@1.27.1": {
      "last_modified": "2024-10-13T23:44:06Z",
      "plugin_version": "0.0.1",
      "resolved": "github:NixOS/nixpkgs/d4f247e89f6e10120f911e2e2d2254a050d0f732#rustup",
      "source": "devbox-search",
      "version": "1.27.1",
      "systems": {
        "aarch64-darwin": {
          "outputs": [
            {
              "name": "out",
              "path": "/nix/store/zq4q7alcs99k23maczjscvl2sy2f5q60-rustup-1.27.1",
              "default": true
            }
          ],
          "store_path": "/nix/store/zq4q7alcs99k23maczjscvl2sy2f5q60-rustup-1.27.1"
        },
        "aarch64-linux": {
          "outputs": [
            {
              "name": "out",
              "path": "/nix/store/mgwldrzb5c8550das7dd8hr06dzw1axd-rustup-1.27.1",
              "default": true
            }
          ],
          "store_path": "/nix/store/mgwldrzb5c8550das7dd8hr06dzw1axd-rustup-1.27.1"
        },
        "x86_64-darwin": {
          "outputs": [
            {
              "name": "out",
              "path": "/nix/store/br2yjkb2xh0aw1n886q392rr0w0317kn-rustup-1.27.1",
              "default": true
            }
          ],
          "store_path": "/nix/store/br2yjkb2xh0aw1n886q392rr0w0317kn-rustup-1.27.1"
        },
        "x86_64-linux": {
          "outputs": [
            {
              "name": "out",
              "path": "/nix/store/c70zqy4pgfw0nyviq7v9za13fzl6cqh1-rustup-1.27.1",
              "default": true
            }
          ],
          "store_path": "/nix/store/c70zqy4pgfw0nyviq7v9za13fzl6cqh1-rustup-1.27.1"
        }
      }
    }
  }
}
